
Microsoft Visual Studio Solution File, Format Version 12.00
# Visual Studio Version 17
VisualStudioVersion = 17.11.35327.3
MinimumVisualStudioVersion = 10.0.40219.1
Project("{FAE04EC0-301F-11D3-BF4B-00C04F79EFBC}") = "Myconsoleapp", "Myconsoleapp\Myconsoleapp.csproj", "{308E64E8-0099-464C-8177-635DB15AF500}"
EndProject
Project("{FAE04EC0-301F-11D3-BF4B-00C04F79EFBC}") = "Mylibrary", "Mylibrary\Mylibrary.csproj", "{950D00BA-F98D-45B8-8FF5-4EB31106A716}"
EndProject
Global
	GlobalSection(SolutionConfigurationPlatforms) = preSolution
		Debug|Any CPU = Debug|Any CPU
		Release|Any CPU = Release|Any CPU
	EndGlobalSection
	GlobalSection(ProjectConfigurationPlatforms) = postSolution
		{308E64E8-0099-464C-8177-635DB15AF500}.Debug|Any CPU.ActiveCfg = Debug|Any CPU
		{308E64E8-0099-464C-8177-635DB15AF500}.Debug|Any CPU.Build.0 = Debug|Any CPU
		{308E64E8-0099-464C-8177-635DB15AF500}.Release|Any CPU.ActiveCfg = Release|Any CPU
		{308E64E8-0099-464C-8177-635DB15AF500}.Release|Any CPU.Build.0 = Release|Any CPU
		{950D00BA-F98D-45B8-8FF5-4EB31106A716}.Debug|Any CPU.ActiveCfg = Debug|Any CPU
		{950D00BA-F98D-45B8-8FF5-4EB31106A716}.Debug|Any CPU.Build.0 = Debug|Any CPU
		{950D00BA-F98D-45B8-8FF5-4EB31106A716}.Release|Any CPU.ActiveCfg = Release|Any CPU
		{950D00BA-F98D-45B8-8FF5-4EB31106A716}.Release|Any CPU.Build.0 = Release|Any CPU
	EndGlobalSection
	GlobalSection(SolutionProperties) = preSolution
		HideSolutionNode = FALSE
	EndGlobalSection
	GlobalSection(ExtensibilityGlobals) = postSolution
		SolutionGuid = {A3EFCAE4-202F-40EC-A78E-A1881F41FDBD}
	EndGlobalSection
EndGlobal
